
Microsoft Visual Studio Solution File, Format Version 12.00
# Visual Studio Version 17
VisualStudioVersion = 17.14.36414.22 d17.14
MinimumVisualStudioVersion = 10.0.40219.1
Project("{8BC9CEB8-8B4A-11D0-8D11-00A0C91BC942}") = "BankAccountManagement", "BankAccountManagement\BankAccountManagement.vcxproj", "{CF2DC7D4-EB25-4D91-99A2-61966B2FE64C}"
EndProject
Global
	GlobalSection(SolutionConfigurationPlatforms) = preSolution
		Debug|x64 = Debug|x64
		Debug|x86 = Debug|x86
		Release|x64 = Release|x64
		Release|x86 = Release|x86
	EndGlobalSection
	GlobalSection(ProjectConfigurationPlatforms) = postSolution
		{CF2DC7D4-EB25-4D91-99A2-61966B2FE64C}.Debug|x64.ActiveCfg = Debug|x64
		{CF2DC7D4-EB25-4D91-99A2-61966B2FE64C}.Debug|x64.Build.0 = Debug|x64
		{CF2DC7D4-EB25-4D91-99A2-61966B2FE64C}.Debug|x86.ActiveCfg = Debug|Win32
		{CF2DC7D4-EB25-4D91-99A2-61966B2FE64C}.Debug|x86.Build.0 = Debug|Win32
		{CF2DC7D4-EB25-4D91-99A2-61966B2FE64C}.Release|x64.ActiveCfg = Release|x64
		{CF2DC7D4-EB25-4D91-99A2-61966B2FE64C}.Release|x64.Build.0 = Release|x64
		{CF2DC7D4-EB25-4D91-99A2-61966B2FE64C}.Release|x86.ActiveCfg = Release|Win32
		{CF2DC7D4-EB25-4D91-99A2-61966B2FE64C}.Release|x86.Build.0 = Release|Win32
	EndGlobalSection
	GlobalSection(SolutionProperties) = preSolution
		HideSolutionNode = FALSE
	EndGlobalSection
	GlobalSection(ExtensibilityGlobals) = postSolution
		SolutionGuid = {01B28EF9-4F2F-4EAB-87FD-990CE96F417D}
	EndGlobalSection
EndGlobal
